
Microsoft Visual Studio Solution File, Format Version 12.00
# Visual Studio 15
VisualStudioVersion = 15.0.28307.539
MinimumVisualStudioVersion = 10.0.40219.1
Project("{FAE04EC0-301F-11D3-BF4B-00C04F79EFBC}") = "Kt halava", "Kt halava\Kt halava.csproj", "{5FDCD633-EEC3-4937-9CB0-B88B8DBF974C}"
EndProject
Global
	GlobalSection(SolutionConfigurationPlatforms) = preSolution
		Debug|Any CPU = Debug|Any CPU
		Release|Any CPU = Release|Any CPU
	EndGlobalSection
	GlobalSection(ProjectConfigurationPlatforms) = postSolution
		{5FDCD633-EEC3-4937-9CB0-B88B8DBF974C}.Debug|Any CPU.ActiveCfg = Debug|Any CPU
		{5FDCD633-EEC3-4937-9CB0-B88B8DBF974C}.Debug|Any CPU.Build.0 = Debug|Any CPU
		{5FDCD633-EEC3-4937-9CB0-B88B8DBF974C}.Release|Any CPU.ActiveCfg = Release|Any CPU
		{5FDCD633-EEC3-4937-9CB0-B88B8DBF974C}.Release|Any CPU.Build.0 = Release|Any CPU
	EndGlobalSection
	GlobalSection(SolutionProperties) = preSolution
		HideSolutionNode = FALSE
	EndGlobalSection
	GlobalSection(ExtensibilityGlobals) = postSolution
		SolutionGuid = {C2297414-2AF8-4A5D-8C08-06B1297CD47B}
	EndGlobalSection
EndGlobal
